{
  "version": 4,
  "terraform_version": "1.1.3",
  "serial": 85,
  "lineage": "4039d036-8f0d-e6ea-6403-7bbb65dda20d",
  "outputs": {},
  "resources": [
    {
      "mode": "managed",
      "type": "azurerm_data_factory",
      "name": "DFantonio",
      "provider": "provider[\"registry.terraform.io/hashicorp/azurerm\"]",
      "instances": [
        {
          "schema_version": 2,
          "attributes": {
            "customer_managed_key_id": null,
            "github_configuration": [],
            "global_parameter": [],
            "id": "/subscriptions/761e84d7-efa8-4aeb-b175-6fa7f929c8a1/resourceGroups/myTFResourceGroup/providers/Microsoft.DataFactory/factories/DFpruebaantonioaxity",
            "identity": [],
            "location": "eastus",
            "managed_virtual_network_enabled": false,
            "name": "DFpruebaantonioaxity",
            "public_network_enabled": true,
            "resource_group_name": "myTFResourceGroup",
            "tags": null,
            "timeouts": null,
            "vsts_configuration": []
          },
          "sensitive_attributes": [],
          "private": "eyJlMmJmYjczMC1lY2FhLTExZTYtOGY4OC0zNDM2M2JjN2M0YzAiOnsiY3JlYXRlIjoxODAwMDAwMDAwMDAwLCJkZWxldGUiOjE4MDAwMDAwMDAwMDAsInJlYWQiOjMwMDAwMDAwMDAwMCwidXBkYXRlIjoxODAwMDAwMDAwMDAwfSwic2NoZW1hX3ZlcnNpb24iOiIyIn0=",
          "dependencies": [
            "azurerm_resource_group.rg"
          ]
        }
      ]
    },
    {
      "mode": "managed",
      "type": "azurerm_resource_group",
      "name": "rg",
      "provider": "provider[\"registry.terraform.io/hashicorp/azurerm\"]",
      "instances": [
        {
          "schema_version": 0,
          "attributes": {
            "id": "/subscriptions/761e84d7-efa8-4aeb-b175-6fa7f929c8a1/resourceGroups/myTFResourceGroup",
            "location": "eastus",
            "name": "myTFResourceGroup",
            "tags": {
              "Environment": "Terraform Getting Started",
              "Team": "Axity"
            },
            "timeouts": null
          },
          "sensitive_attributes": [],
          "private": "eyJlMmJmYjczMC1lY2FhLTExZTYtOGY4OC0zNDM2M2JjN2M0YzAiOnsiY3JlYXRlIjo1NDAwMDAwMDAwMDAwLCJkZWxldGUiOjU0MDAwMDAwMDAwMDAsInJlYWQiOjMwMDAwMDAwMDAwMCwidXBkYXRlIjo1NDAwMDAwMDAwMDAwfX0="
        }
      ]
    },
    {
      "module": "module.blob-storage",
      "mode": "managed",
      "type": "azurerm_storage_account",
      "name": "antonioaxity-demo",
      "provider": "provider[\"registry.terraform.io/hashicorp/azurerm\"]",
      "instances": [
        {
          "schema_version": 2,
          "attributes": {
            "access_tier": "Hot",
            "account_kind": "StorageV2",
            "account_replication_type": "LRS",
            "account_tier": "Standard",
            "allow_blob_public_access": false,
            "azure_files_authentication": [],
            "blob_properties": [
              {
                "change_feed_enabled": false,
                "container_delete_retention_policy": [],
                "cors_rule": [],
                "default_service_version": "",
                "delete_retention_policy": [],
                "last_access_time_enabled": false,
                "versioning_enabled": false
              }
            ],
            "custom_domain": [],
            "enable_https_traffic_only": true,
            "id": "/subscriptions/761e84d7-efa8-4aeb-b175-6fa7f929c8a1/resourceGroups/myTFResourceGroup/providers/Microsoft.Storage/storageAccounts/antonioaxity",
            "identity": [],
            "infrastructure_encryption_enabled": false,
            "is_hns_enabled": false,
            "large_file_share_enabled": null,
            "location": "eastus",
            "min_tls_version": "TLS1_0",
            "name": "antonioaxity",
            "network_rules": [
              {
                "bypass": [
                  "AzureServices"
                ],
                "default_action": "Allow",
                "ip_rules": [],
                "private_link_access": [],
                "virtual_network_subnet_ids": []
              }
            ],
            "nfsv3_enabled": false,
            "primary_access_key": "SAO933dHA4svlKZ3fmLbAuhvCjcimzJSzl97h9nJM8L6FhPHLEwqSr7afz53/X6qDAek0miOeZ77/t3sAOaXCA==",
            "primary_blob_connection_string": "DefaultEndpointsProtocol=https;BlobEndpoint=https://antonioaxity.blob.core.windows.net/;AccountName=antonioaxity;AccountKey=SAO933dHA4svlKZ3fmLbAuhvCjcimzJSzl97h9nJM8L6FhPHLEwqSr7afz53/X6qDAek0miOeZ77/t3sAOaXCA==",
            "primary_blob_endpoint": "https://antonioaxity.blob.core.windows.net/",
            "primary_blob_host": "antonioaxity.blob.core.windows.net",
            "primary_connection_string": "DefaultEndpointsProtocol=https;AccountName=antonioaxity;AccountKey=SAO933dHA4svlKZ3fmLbAuhvCjcimzJSzl97h9nJM8L6FhPHLEwqSr7afz53/X6qDAek0miOeZ77/t3sAOaXCA==;EndpointSuffix=core.windows.net",
            "primary_dfs_endpoint": "https://antonioaxity.dfs.core.windows.net/",
            "primary_dfs_host": "antonioaxity.dfs.core.windows.net",
            "primary_file_endpoint": "https://antonioaxity.file.core.windows.net/",
            "primary_file_host": "antonioaxity.file.core.windows.net",
            "primary_location": "eastus",
            "primary_queue_endpoint": "https://antonioaxity.queue.core.windows.net/",
            "primary_queue_host": "antonioaxity.queue.core.windows.net",
            "primary_table_endpoint": "https://antonioaxity.table.core.windows.net/",
            "primary_table_host": "antonioaxity.table.core.windows.net",
            "primary_web_endpoint": "https://antonioaxity.z13.web.core.windows.net/",
            "primary_web_host": "antonioaxity.z13.web.core.windows.net",
            "queue_encryption_key_type": "Service",
            "queue_properties": [
              {
                "cors_rule": [],
                "hour_metrics": [
                  {
                    "enabled": true,
                    "include_apis": true,
                    "retention_policy_days": 7,
                    "version": "1.0"
                  }
                ],
                "logging": [
                  {
                    "delete": false,
                    "read": false,
                    "retention_policy_days": 0,
                    "version": "1.0",
                    "write": false
                  }
                ],
                "minute_metrics": [
                  {
                    "enabled": false,
                    "include_apis": false,
                    "retention_policy_days": 0,
                    "version": "1.0"
                  }
                ]
              }
            ],
            "resource_group_name": "myTFResourceGroup",
            "routing": [],
            "secondary_access_key": "jYvLo84laq/mJoGW2zSMUMgqacWTtC+6OlnbrwSqUoHQSryzwuswLVwse6LbGAOFvoZkaSRPdT48+yMBYYghdA==",
            "secondary_blob_connection_string": "",
            "secondary_blob_endpoint": null,
            "secondary_blob_host": null,
            "secondary_connection_string": "DefaultEndpointsProtocol=https;AccountName=antonioaxity;AccountKey=jYvLo84laq/mJoGW2zSMUMgqacWTtC+6OlnbrwSqUoHQSryzwuswLVwse6LbGAOFvoZkaSRPdT48+yMBYYghdA==;EndpointSuffix=core.windows.net",
            "secondary_dfs_endpoint": null,
            "secondary_dfs_host": null,
            "secondary_file_endpoint": null,
            "secondary_file_host": null,
            "secondary_location": "",
            "secondary_queue_endpoint": null,
            "secondary_queue_host": null,
            "secondary_table_endpoint": null,
            "secondary_table_host": null,
            "secondary_web_endpoint": null,
            "secondary_web_host": null,
            "share_properties": [
              {
                "cors_rule": [],
                "retention_policy": [
                  {
                    "days": 7
                  }
                ],
                "smb": []
              }
            ],
            "shared_access_key_enabled": true,
            "static_website": [],
            "table_encryption_key_type": "Service",
            "tags": {
              "creator": "Terraform",
              "project": "terraform-demo"
            },
            "timeouts": null
          },
          "sensitive_attributes": [],
          "private": "eyJlMmJmYjczMC1lY2FhLTExZTYtOGY4OC0zNDM2M2JjN2M0YzAiOnsiY3JlYXRlIjozNjAwMDAwMDAwMDAwLCJkZWxldGUiOjM2MDAwMDAwMDAwMDAsInJlYWQiOjMwMDAwMDAwMDAwMCwidXBkYXRlIjozNjAwMDAwMDAwMDAwfSwic2NoZW1hX3ZlcnNpb24iOiIyIn0=",
          "dependencies": [
            "azurerm_resource_group.rg"
          ]
        }
      ]
    },
    {
      "module": "module.blob-storage",
      "mode": "managed",
      "type": "azurerm_storage_blob",
      "name": "IMDB-projects",
      "provider": "provider[\"registry.terraform.io/hashicorp/azurerm\"]",
      "instances": [
        {
          "schema_version": 1,
          "attributes": {
            "access_tier": "Hot",
            "cache_control": "",
            "content_md5": "",
            "content_type": "application/octet-stream",
            "id": "https://antonioaxity.blob.core.windows.net/terraform-demo/movies_AMAZON.csv",
            "metadata": {
              "creator": "Terraform",
              "project": "terraform-demo"
            },
            "name": "movies_AMAZON.csv",
            "parallelism": 8,
            "size": 0,
            "source": "./data-factory-datasets/movies_AMAZON.csv",
            "source_content": null,
            "source_uri": null,
            "storage_account_name": "antonioaxity",
            "storage_container_name": "terraform-demo",
            "timeouts": null,
            "type": "Block",
            "url": "https://antonioaxity.blob.core.windows.net/terraform-demo/movies_AMAZON.csv"
          },
          "sensitive_attributes": [],
          "private": "eyJlMmJmYjczMC1lY2FhLTExZTYtOGY4OC0zNDM2M2JjN2M0YzAiOnsiY3JlYXRlIjoxODAwMDAwMDAwMDAwLCJkZWxldGUiOjE4MDAwMDAwMDAwMDAsInJlYWQiOjMwMDAwMDAwMDAwMCwidXBkYXRlIjoxODAwMDAwMDAwMDAwfSwic2NoZW1hX3ZlcnNpb24iOiIxIn0=",
          "dependencies": [
            "azurerm_resource_group.rg",
            "module.blob-storage.azurerm_storage_account.antonioaxity-demo",
            "module.blob-storage.azurerm_storage_container.antonioaxity-demo"
          ]
        }
      ]
    },
    {
      "module": "module.blob-storage",
      "mode": "managed",
      "type": "azurerm_storage_container",
      "name": "antonioaxity-demo",
      "provider": "provider[\"registry.terraform.io/hashicorp/azurerm\"]",
      "instances": [
        {
          "schema_version": 1,
          "attributes": {
            "container_access_type": "private",
            "has_immutability_policy": false,
            "has_legal_hold": false,
            "id": "https://antonioaxity.blob.core.windows.net/terraform-demo",
            "metadata": {},
            "name": "terraform-demo",
            "resource_manager_id": "/subscriptions/761e84d7-efa8-4aeb-b175-6fa7f929c8a1/resourceGroups/myTFResourceGroup/providers/Microsoft.Storage/storageAccounts/antonioaxity/blobServices/default/containers/terraform-demo",
            "storage_account_name": "antonioaxity",
            "timeouts": null
          },
          "sensitive_attributes": [],
          "private": "eyJlMmJmYjczMC1lY2FhLTExZTYtOGY4OC0zNDM2M2JjN2M0YzAiOnsiY3JlYXRlIjoxODAwMDAwMDAwMDAwLCJkZWxldGUiOjE4MDAwMDAwMDAwMDAsInJlYWQiOjMwMDAwMDAwMDAwMCwidXBkYXRlIjoxODAwMDAwMDAwMDAwfSwic2NoZW1hX3ZlcnNpb24iOiIxIn0=",
          "dependencies": [
            "azurerm_resource_group.rg",
            "module.blob-storage.azurerm_storage_account.antonioaxity-demo"
          ]
        }
      ]
    },
    {
      "module": "module.sql-database",
      "mode": "managed",
      "type": "azurerm_sql_database",
      "name": "antonio-demo-sql-database",
      "provider": "provider[\"registry.terraform.io/hashicorp/azurerm\"]",
      "instances": [
        {
          "schema_version": 0,
          "attributes": {
            "collation": "SQL_Latin1_General_CP1_CI_AS",
            "create_mode": "Default",
            "creation_date": "2022-01-21T15:03:03.16Z",
            "default_secondary_location": "West US",
            "edition": "GeneralPurpose",
            "elastic_pool_name": "",
            "encryption": "",
            "extended_auditing_policy": [],
            "id": "/subscriptions/761e84d7-efa8-4aeb-b175-6fa7f929c8a1/resourceGroups/myTFResourceGroup/providers/Microsoft.Sql/servers/antoniosqlserver/databases/antonio-demo-sql-database",
            "import": [],
            "location": "eastus",
            "max_size_bytes": "34359738368",
            "max_size_gb": null,
            "name": "antonio-demo-sql-database",
            "read_scale": false,
            "requested_service_objective_id": "f21733ad-9b9b-4d4e-a4fa-94a133c41718",
            "requested_service_objective_name": "GP_Gen5_2",
            "resource_group_name": "myTFResourceGroup",
            "restore_point_in_time": null,
            "server_name": "antoniosqlserver",
            "source_database_deletion_date": null,
            "source_database_id": null,
            "tags": null,
            "threat_detection_policy": [
              {
                "disabled_alerts": [],
                "email_account_admins": "Disabled",
                "email_addresses": [],
                "retention_days": 0,
                "state": "Disabled",
                "storage_account_access_key": "",
                "storage_endpoint": "",
                "use_server_default": "Disabled"
              }
            ],
            "timeouts": null,
            "zone_redundant": false
          },
          "sensitive_attributes": [],
          "private": "eyJlMmJmYjczMC1lY2FhLTExZTYtOGY4OC0zNDM2M2JjN2M0YzAiOnsiY3JlYXRlIjozNjAwMDAwMDAwMDAwLCJkZWxldGUiOjM2MDAwMDAwMDAwMDAsInJlYWQiOjMwMDAwMDAwMDAwMCwidXBkYXRlIjozNjAwMDAwMDAwMDAwfX0=",
          "dependencies": [
            "azurerm_resource_group.rg",
            "module.sql-database.azurerm_sql_server.antonio-demo-sqlserver"
          ]
        }
      ]
    },
    {
      "module": "module.sql-database",
      "mode": "managed",
      "type": "azurerm_sql_server",
      "name": "antonio-demo-sqlserver",
      "provider": "provider[\"registry.terraform.io/hashicorp/azurerm\"]",
      "instances": [
        {
          "schema_version": 0,
          "attributes": {
            "administrator_login": "antonioaxity",
            "administrator_login_password": "Prueba1234.!",
            "connection_policy": "Default",
            "extended_auditing_policy": [],
            "fully_qualified_domain_name": "antoniosqlserver.database.windows.net",
            "id": "/subscriptions/761e84d7-efa8-4aeb-b175-6fa7f929c8a1/resourceGroups/myTFResourceGroup/providers/Microsoft.Sql/servers/antoniosqlserver",
            "identity": [],
            "location": "eastus",
            "name": "antoniosqlserver",
            "resource_group_name": "myTFResourceGroup",
            "tags": null,
            "threat_detection_policy": [
              {
                "disabled_alerts": [
                  ""
                ],
                "email_account_admins": false,
                "email_addresses": [
                  ""
                ],
                "retention_days": 0,
                "state": "Disabled",
                "storage_account_access_key": "",
                "storage_endpoint": ""
              }
            ],
            "timeouts": null,
            "version": "12.0"
          },
          "sensitive_attributes": [
            [
              {
                "type": "get_attr",
                "value": "administrator_login"
              }
            ],
            [
              {
                "type": "get_attr",
                "value": "administrator_login_password"
              }
            ]
          ],
          "private": "eyJlMmJmYjczMC1lY2FhLTExZTYtOGY4OC0zNDM2M2JjN2M0YzAiOnsiY3JlYXRlIjozNjAwMDAwMDAwMDAwLCJkZWxldGUiOjM2MDAwMDAwMDAwMDAsInJlYWQiOjMwMDAwMDAwMDAwMCwidXBkYXRlIjozNjAwMDAwMDAwMDAwfX0=",
          "dependencies": [
            "azurerm_resource_group.rg"
          ]
        }
      ]
    }
  ]
}
